
Microsoft Visual Studio Solution File, Format Version 12.00
# Visual Studio Version 17
VisualStudioVersion = 17.11.35312.102
MinimumVisualStudioVersion = 10.0.40219.1
Project("{9A19103F-16F7-4668-BE54-9A1E7A4F7556}") = "TaskManagementApp.Api", "TaskManagementApp.Api\TaskManagementApp.Api.csproj", "{DF63AF1D-23A1-45BA-A67F-FC658320194A}"
EndProject
Project("{54A90642-561A-4BB1-A94E-469ADEE60C69}") = "TaskManagementApp.Client", "TaskManagementApp.Client\TaskManagementApp.Client.esproj", "{B3ACDA2E-D4B4-4D25-840A-480D4E2CFC19}"
EndProject
Project("{2150E333-8FDC-42A3-9474-1A3956D46DE8}") = "Solution Items", "Solution Items", "{2AE71046-626A-44FF-B737-C56356941645}"
	ProjectSection(SolutionItems) = preProject
		.gitignore = .gitignore
	EndProjectSection
EndProject
Global
	GlobalSection(SolutionConfigurationPlatforms) = preSolution
		Debug|Any CPU = Debug|Any CPU
		Release|Any CPU = Release|Any CPU
	EndGlobalSection
	GlobalSection(ProjectConfigurationPlatforms) = postSolution
		{DF63AF1D-23A1-45BA-A67F-FC658320194A}.Debug|Any CPU.ActiveCfg = Debug|Any CPU
		{DF63AF1D-23A1-45BA-A67F-FC658320194A}.Debug|Any CPU.Build.0 = Debug|Any CPU
		{DF63AF1D-23A1-45BA-A67F-FC658320194A}.Release|Any CPU.ActiveCfg = Release|Any CPU
		{DF63AF1D-23A1-45BA-A67F-FC658320194A}.Release|Any CPU.Build.0 = Release|Any CPU
		{B3ACDA2E-D4B4-4D25-840A-480D4E2CFC19}.Debug|Any CPU.ActiveCfg = Debug|Any CPU
		{B3ACDA2E-D4B4-4D25-840A-480D4E2CFC19}.Debug|Any CPU.Build.0 = Debug|Any CPU
		{B3ACDA2E-D4B4-4D25-840A-480D4E2CFC19}.Debug|Any CPU.Deploy.0 = Debug|Any CPU
		{B3ACDA2E-D4B4-4D25-840A-480D4E2CFC19}.Release|Any CPU.ActiveCfg = Release|Any CPU
		{B3ACDA2E-D4B4-4D25-840A-480D4E2CFC19}.Release|Any CPU.Build.0 = Release|Any CPU
		{B3ACDA2E-D4B4-4D25-840A-480D4E2CFC19}.Release|Any CPU.Deploy.0 = Release|Any CPU
	EndGlobalSection
	GlobalSection(SolutionProperties) = preSolution
		HideSolutionNode = FALSE
	EndGlobalSection
	GlobalSection(ExtensibilityGlobals) = postSolution
		SolutionGuid = {40179061-C7C7-4320-A173-4780964A56C7}
	EndGlobalSection
EndGlobal
